
Microsoft Visual Studio Solution File, Format Version 12.00
# Visual Studio Version 17
VisualStudioVersion = 17.5.33627.172
MinimumVisualStudioVersion = 10.0.40219.1
Project("{FAE04EC0-301F-11D3-BF4B-00C04F79EFBC}") = "Artwork_Sharing_Platform", "Artwork_Sharing_Platform\Artwork_Sharing_Platform.csproj", "{B1ABC4C1-CB1F-420B-932F-F647978C323E}"
EndProject
Global
	GlobalSection(SolutionConfigurationPlatforms) = preSolution
		Debug|Any CPU = Debug|Any CPU
		Release|Any CPU = Release|Any CPU
	EndGlobalSection
	GlobalSection(ProjectConfigurationPlatforms) = postSolution
		{B1ABC4C1-CB1F-420B-932F-F647978C323E}.Debug|Any CPU.ActiveCfg = Debug|Any CPU
		{B1ABC4C1-CB1F-420B-932F-F647978C323E}.Debug|Any CPU.Build.0 = Debug|Any CPU
		{B1ABC4C1-CB1F-420B-932F-F647978C323E}.Release|Any CPU.ActiveCfg = Release|Any CPU
		{B1ABC4C1-CB1F-420B-932F-F647978C323E}.Release|Any CPU.Build.0 = Release|Any CPU
	EndGlobalSection
	GlobalSection(SolutionProperties) = preSolution
		HideSolutionNode = FALSE
	EndGlobalSection
	GlobalSection(ExtensibilityGlobals) = postSolution
		SolutionGuid = {C0803E7C-46A0-4133-A182-7F0B7CD9E8B3}
	EndGlobalSection
EndGlobal
